
Microsoft Visual Studio Solution File, Format Version 12.00
# Visual Studio Version 17
VisualStudioVersion = 17.4.33122.133
MinimumVisualStudioVersion = 10.0.40219.1
Project("{FAE04EC0-301F-11D3-BF4B-00C04F79EFBC}") = "LineComparisionProblem", "LineComparisionProblem\LineComparisionProblem.csproj", "{BA95E787-E628-48C4-B212-4A0CE4798402}"
EndProject
Global
	GlobalSection(SolutionConfigurationPlatforms) = preSolution
		Debug|Any CPU = Debug|Any CPU
		Release|Any CPU = Release|Any CPU
	EndGlobalSection
	GlobalSection(ProjectConfigurationPlatforms) = postSolution
		{BA95E787-E628-48C4-B212-4A0CE4798402}.Debug|Any CPU.ActiveCfg = Debug|Any CPU
		{BA95E787-E628-48C4-B212-4A0CE4798402}.Debug|Any CPU.Build.0 = Debug|Any CPU
		{BA95E787-E628-48C4-B212-4A0CE4798402}.Release|Any CPU.ActiveCfg = Release|Any CPU
		{BA95E787-E628-48C4-B212-4A0CE4798402}.Release|Any CPU.Build.0 = Release|Any CPU
	EndGlobalSection
	GlobalSection(SolutionProperties) = preSolution
		HideSolutionNode = FALSE
	EndGlobalSection
	GlobalSection(ExtensibilityGlobals) = postSolution
		SolutionGuid = {2C0E14C0-014D-4B8D-A4C3-8FD7D77F161D}
	EndGlobalSection
EndGlobal
